
Microsoft Visual Studio Solution File, Format Version 12.00
# Visual Studio 15
VisualStudioVersion = 15.0.27428.2015
MinimumVisualStudioVersion = 10.0.40219.1
Project("{FAE04EC0-301F-11D3-BF4B-00C04F79EFBC}") = "MVCStudentManager", "MVCStudentManager\MVCStudentManager.csproj", "{BA2A3155-C7EC-40FC-8BDC-C52867413EFB}"
EndProject
Global
	GlobalSection(SolutionConfigurationPlatforms) = preSolution
		Debug|Any CPU = Debug|Any CPU
		Release|Any CPU = Release|Any CPU
	EndGlobalSection
	GlobalSection(ProjectConfigurationPlatforms) = postSolution
		{BA2A3155-C7EC-40FC-8BDC-C52867413EFB}.Debug|Any CPU.ActiveCfg = Debug|Any CPU
		{BA2A3155-C7EC-40FC-8BDC-C52867413EFB}.Debug|Any CPU.Build.0 = Debug|Any CPU
		{BA2A3155-C7EC-40FC-8BDC-C52867413EFB}.Release|Any CPU.ActiveCfg = Release|Any CPU
		{BA2A3155-C7EC-40FC-8BDC-C52867413EFB}.Release|Any CPU.Build.0 = Release|Any CPU
	EndGlobalSection
	GlobalSection(SolutionProperties) = preSolution
		HideSolutionNode = FALSE
	EndGlobalSection
	GlobalSection(ExtensibilityGlobals) = postSolution
		SolutionGuid = {915D9C68-D8AD-43F7-AB43-411C01816BA2}
	EndGlobalSection
EndGlobal
